
Microsoft Visual Studio Solution File, Format Version 12.00
# Visual Studio Version 17
VisualStudioVersion = 17.4.33122.133
MinimumVisualStudioVersion = 10.0.40219.1
Project("{FAE04EC0-301F-11D3-BF4B-00C04F79EFBC}") = "KutuphaneProjesı", "KutuphaneProjesı.csproj", "{77D536D5-09BA-4FF6-91AE-021860B72F08}"
EndProject
Project("{FAE04EC0-301F-11D3-BF4B-00C04F79EFBC}") = "EntityLayer", "..\EntityLayer\EntityLayer.csproj", "{D8E17CD1-F922-43C8-BB9A-671D49D170CD}"
EndProject
Project("{FAE04EC0-301F-11D3-BF4B-00C04F79EFBC}") = "DataAccesLayer", "..\DataAccesLayer\DataAccesLayer.csproj", "{640C4083-E810-4DCA-8863-0CC0A0F3F615}"
EndProject
Project("{FAE04EC0-301F-11D3-BF4B-00C04F79EFBC}") = "BussinesLayer", "..\BussinesLayer\BussinesLayer.csproj", "{67B0DA27-BFA2-406E-B889-1440174516E4}"
EndProject
Global
	GlobalSection(SolutionConfigurationPlatforms) = preSolution
		Debug|Any CPU = Debug|Any CPU
		Release|Any CPU = Release|Any CPU
	EndGlobalSection
	GlobalSection(ProjectConfigurationPlatforms) = postSolution
		{77D536D5-09BA-4FF6-91AE-021860B72F08}.Debug|Any CPU.ActiveCfg = Debug|Any CPU
		{77D536D5-09BA-4FF6-91AE-021860B72F08}.Debug|Any CPU.Build.0 = Debug|Any CPU
		{77D536D5-09BA-4FF6-91AE-021860B72F08}.Release|Any CPU.ActiveCfg = Release|Any CPU
		{77D536D5-09BA-4FF6-91AE-021860B72F08}.Release|Any CPU.Build.0 = Release|Any CPU
		{D8E17CD1-F922-43C8-BB9A-671D49D170CD}.Debug|Any CPU.ActiveCfg = Debug|Any CPU
		{D8E17CD1-F922-43C8-BB9A-671D49D170CD}.Debug|Any CPU.Build.0 = Debug|Any CPU
		{D8E17CD1-F922-43C8-BB9A-671D49D170CD}.Release|Any CPU.ActiveCfg = Release|Any CPU
		{D8E17CD1-F922-43C8-BB9A-671D49D170CD}.Release|Any CPU.Build.0 = Release|Any CPU
		{640C4083-E810-4DCA-8863-0CC0A0F3F615}.Debug|Any CPU.ActiveCfg = Debug|Any CPU
		{640C4083-E810-4DCA-8863-0CC0A0F3F615}.Debug|Any CPU.Build.0 = Debug|Any CPU
		{640C4083-E810-4DCA-8863-0CC0A0F3F615}.Release|Any CPU.ActiveCfg = Release|Any CPU
		{640C4083-E810-4DCA-8863-0CC0A0F3F615}.Release|Any CPU.Build.0 = Release|Any CPU
		{67B0DA27-BFA2-406E-B889-1440174516E4}.Debug|Any CPU.ActiveCfg = Debug|Any CPU
		{67B0DA27-BFA2-406E-B889-1440174516E4}.Debug|Any CPU.Build.0 = Debug|Any CPU
		{67B0DA27-BFA2-406E-B889-1440174516E4}.Release|Any CPU.ActiveCfg = Release|Any CPU
		{67B0DA27-BFA2-406E-B889-1440174516E4}.Release|Any CPU.Build.0 = Release|Any CPU
	EndGlobalSection
	GlobalSection(SolutionProperties) = preSolution
		HideSolutionNode = FALSE
	EndGlobalSection
	GlobalSection(ExtensibilityGlobals) = postSolution
		SolutionGuid = {2C3CE3F4-70DB-4F63-8560-36EFE6563457}
	EndGlobalSection
EndGlobal
